# This file is automatically @generated by Cargo.
# It is not intended for manual editing.
version = 4

[[package]]
name = "bbtings_database"
version = "0.1.0"
dependencies = [
 "bbtings_grpc_proto",
]

[[package]]
name = "bbtings_grpc_client"
version = "0.1.0"
dependencies = [
 "bbtings_database",
 "bbtings_grpc_proto",
]

[[package]]
name = "bbtings_grpc_proto"
version = "0.1.0"

[[package]]
name = "bbtings_grpc_server"
version = "0.1.0"
dependencies = [
 "bbtings_database",
 "bbtings_grpc_proto",
]
